{
  "requires": true,
  "lockfileVersion": 1,
  "dependencies": {
    "@formatjs/ecma402-abstract": {
      "version": "1.9.4",
      "resolved": "https://registry.npmjs.org/@formatjs/ecma402-abstract/-/ecma402-abstract-1.9.4.tgz",
      "integrity": "sha512-ePJXI7tWC9PBxQxS7jtbkCLGVmpC8MH8n9Yjmg8dsh9wXK9svu7nAbq76Oiu5Zb+5GVkLkeTVerlSvHCbNImlA==",
      "requires": {
        "tslib": "^2.1.0"
      }
    },
    "@formatjs/fast-memoize": {
      "version": "1.1.1",
      "resolved": "https://registry.npmjs.org/@formatjs/fast-memoize/-/fast-memoize-1.1.1.tgz",
      "integrity": "sha512-mIqBr5uigIlx13eZTOPSEh2buDiy3BCdMYUtewICREQjbb4xarDiVWoXSnrERM7NanZ+0TAHNXSqDe6HpEFQUg=="
    },
    "@formatjs/icu-messageformat-parser": {
      "version": "2.0.7",
      "resolved": "https://registry.npmjs.org/@formatjs/icu-messageformat-parser/-/icu-messageformat-parser-2.0.7.tgz",
      "integrity": "sha512-gduYfh/YdBTmb1XzLueNaofiGZVMrkaDg0RSa0GNztKWs4QXIRS+28cjcuWNpV0q5S8aiLMkP7SHQpZKnPCHLw==",
      "requires": {
        "@formatjs/ecma402-abstract": "1.9.4",
        "@formatjs/icu-skeleton-parser": "1.2.8",
        "tslib": "^2.1.0"
      }
    },
    "@formatjs/icu-skeleton-parser": {
      "version": "1.2.8",
      "resolved": "https://registry.npmjs.org/@formatjs/icu-skeleton-parser/-/icu-skeleton-parser-1.2.8.tgz",
      "integrity": "sha512-KLSSAA7Q2Uv7msij8saaOE5rpsHK/2WkfS3737JnDyVTFOYe8l2OarIBUoTC5gi1BnCgiN/1icZlqXwyUX6obA==",
      "requires": {
        "@formatjs/ecma402-abstract": "1.9.4",
        "tslib": "^2.1.0"
      }
    },
    "@formatjs/intl": {
      "version": "1.13.2",
      "resolved": "https://registry.npmjs.org/@formatjs/intl/-/intl-1.13.2.tgz",
      "integrity": "sha512-aonTXXaI/Guqr4t87m/XWfmgE9aPefDTLRnCwadxBDkUHw1/HQeUV+lp/3BgiPZfemIdBq9UgdigDCwrpEwrTA==",
      "requires": {
        "@formatjs/ecma402-abstract": "1.9.4",
        "@formatjs/fast-memoize": "1.1.1",
        "@formatjs/icu-messageformat-parser": "2.0.7",
        "@formatjs/intl-displaynames": "5.1.6",
        "@formatjs/intl-listformat": "6.2.6",
        "intl-messageformat": "9.7.1",
        "tslib": "^2.1.0"
      }
    },
    "@formatjs/intl-displaynames": {
      "version": "5.1.6",
      "resolved": "https://registry.npmjs.org/@formatjs/intl-displaynames/-/intl-displaynames-5.1.6.tgz",
      "integrity": "sha512-s0eDyQFM2gQIPgn+MyaH+UcCvp6ui2ft9UW1gsIkjBkaprRlzKMd3fjxcUFO/I7oyXXA6FYR4qHR8u1I0+PvXA==",
      "requires": {
        "@formatjs/ecma402-abstract": "1.9.4",
        "tslib": "^2.1.0"
      }
    },
    "@formatjs/intl-listformat": {
      "version": "6.2.6",
      "resolved": "https://registry.npmjs.org/@formatjs/intl-listformat/-/intl-listformat-6.2.6.tgz",
      "integrity": "sha512-6FMdQY1+QKqJW5IhsVPFuEaR/uRiBKP+Y1oDvamZKzDfJ2vQmk9jqSF51VztlZH8XSfdO0IgvBzeRPHahKChQA==",
      "requires": {
        "@formatjs/ecma402-abstract": "1.9.4",
        "tslib": "^2.1.0"
      }
    },
    "@types/hoist-non-react-statics": {
      "version": "3.3.1",
      "resolved": "https://registry.npmjs.org/@types/hoist-non-react-statics/-/hoist-non-react-statics-3.3.1.tgz",
      "integrity": "sha512-iMIqiko6ooLrTh1joXodJK5X9xeEALT1kM5G3ZLhD3hszxBdIEd5C75U834D9mLcINgD4OyZf5uQXjkuYydWvA==",
      "requires": {
        "@types/react": "*",
        "hoist-non-react-statics": "^3.3.0"
      }
    },
    "@types/prop-types": {
      "version": "15.7.4",
      "resolved": "https://registry.npmjs.org/@types/prop-types/-/prop-types-15.7.4.tgz",
      "integrity": "sha512-rZ5drC/jWjrArrS8BR6SIr4cWpW09RNTYt9AMZo3Jwwif+iacXAqgVjm0B0Bv/S1jhDXKHqRVNCbACkJ89RAnQ=="
    },
    "@types/react": {
      "version": "17.0.14",
      "resolved": "https://registry.npmjs.org/@types/react/-/react-17.0.14.tgz",
      "integrity": "sha512-0WwKHUbWuQWOce61UexYuWTGuGY/8JvtUe/dtQ6lR4sZ3UiylHotJeWpf3ArP9+DSGUoLY3wbU59VyMrJps5VQ==",
      "requires": {
        "@types/prop-types": "*",
        "@types/scheduler": "*",
        "csstype": "^3.0.2"
      }
    },
    "@types/react-intl": {
      "version": "3.0.0",
      "resolved": "https://registry.npmjs.org/@types/react-intl/-/react-intl-3.0.0.tgz",
      "integrity": "sha512-k8F3d05XQGEqSWIfK97bBjZe4z9RruXU9Wa7OZ2iUC5pdeIpzuQDZe/9C2J3Xir5//ZtAkhcv08Wfx3n5TBTQg==",
      "requires": {
        "react-intl": "*"
      }
    },
    "@types/scheduler": {
      "version": "0.16.2",
      "resolved": "https://registry.npmjs.org/@types/scheduler/-/scheduler-0.16.2.tgz",
      "integrity": "sha512-hppQEBDmlwhFAXKJX2KnWLYu5yMfi91yazPb2l+lbJiwW+wdo1gNeRA+3RgNSO39WYX2euey41KEwnqesU2Jew=="
    },
    "csstype": {
      "version": "3.0.8",
      "resolved": "https://registry.npmjs.org/csstype/-/csstype-3.0.8.tgz",
      "integrity": "sha512-jXKhWqXPmlUeoQnF/EhTtTl4C9SnrxSH/jZUih3jmO6lBKr99rP3/+FmrMj4EFpOXzMtXHAZkd3x0E6h6Fgflw=="
    },
    "hoist-non-react-statics": {
      "version": "3.3.2",
      "resolved": "https://registry.npmjs.org/hoist-non-react-statics/-/hoist-non-react-statics-3.3.2.tgz",
      "integrity": "sha512-/gGivxi8JPKWNm/W0jSmzcMPpfpPLc3dY/6GxhX2hQ9iGj3aDfklV4ET7NjKpSinLpJ5vafa9iiGIEZg10SfBw==",
      "requires": {
        "react-is": "^16.7.0"
      }
    },
    "intl-messageformat": {
      "version": "9.7.1",
      "resolved": "https://registry.npmjs.org/intl-messageformat/-/intl-messageformat-9.7.1.tgz",
      "integrity": "sha512-DNiuD+/59G9qaYu3U0KgwCV0zpN9XRoUvc8izSNCNAA5MknhiIUONFE0WtScP+E/7JfoENu+CX57P/SURRbI0A==",
      "requires": {
        "@formatjs/fast-memoize": "1.1.1",
        "@formatjs/icu-messageformat-parser": "2.0.7",
        "tslib": "^2.1.0"
      }
    },
    "js-tokens": {
      "version": "4.0.0",
      "resolved": "https://registry.npmjs.org/js-tokens/-/js-tokens-4.0.0.tgz",
      "integrity": "sha512-RdJUflcE3cUzKiMqQgsCu06FPu9UdIJO0beYbPhHN4k6apgJtifcoCtT9bcxOpYBtpD2kCM6Sbzg4CausW/PKQ=="
    },
    "loose-envify": {
      "version": "1.4.0",
      "resolved": "https://registry.npmjs.org/loose-envify/-/loose-envify-1.4.0.tgz",
      "integrity": "sha512-lyuxPGr/Wfhrlem2CL/UcnUc1zcqKAImBDzukY7Y5F/yQiNdko6+fRLevlw1HgMySw7f611UIY408EtxRSoK3Q==",
      "requires": {
        "js-tokens": "^3.0.0 || ^4.0.0"
      }
    },
    "object-assign": {
      "version": "4.1.1",
      "resolved": "https://registry.npmjs.org/object-assign/-/object-assign-4.1.1.tgz",
      "integrity": "sha1-IQmtx5ZYh8/AXLvUQsrIv7s2CGM="
    },
    "prop-types": {
      "version": "15.7.2",
      "resolved": "https://registry.npmjs.org/prop-types/-/prop-types-15.7.2.tgz",
      "integrity": "sha512-8QQikdH7//R2vurIJSutZ1smHYTcLpRWEOlHnzcWHmBYrOGUysKwSsrC89BCiFj3CbrfJ/nXFdJepOVrY1GCHQ==",
      "requires": {
        "loose-envify": "^1.4.0",
        "object-assign": "^4.1.1",
        "react-is": "^16.8.1"
      }
    },
    "react-fast-compare": {
      "version": "3.2.0",
      "resolved": "https://registry.npmjs.org/react-fast-compare/-/react-fast-compare-3.2.0.tgz",
      "integrity": "sha512-rtGImPZ0YyLrscKI9xTpV8psd6I8VAtjKCzQDlzyDvqJA8XOW78TXYQwNRNd8g8JZnDu8q9Fu/1v4HPAVwVdHA=="
    },
    "react-intl": {
      "version": "5.20.4",
      "resolved": "https://registry.npmjs.org/react-intl/-/react-intl-5.20.4.tgz",
      "integrity": "sha512-lYUL8hWkRHbpVtedGSjpQ1kK/x2AAGZHGgOHsU0SFDufHo2aS7xdvRcaxXD3PMVDuh53KcU+vTaun+bcrwKpbA==",
      "requires": {
        "@formatjs/ecma402-abstract": "1.9.4",
        "@formatjs/icu-messageformat-parser": "2.0.7",
        "@formatjs/intl": "1.13.2",
        "@formatjs/intl-displaynames": "5.1.6",
        "@formatjs/intl-listformat": "6.2.6",
        "@types/hoist-non-react-statics": "^3.3.1",
        "hoist-non-react-statics": "^3.3.2",
        "intl-messageformat": "9.7.1",
        "tslib": "^2.1.0"
      }
    },
    "react-is": {
      "version": "16.13.1",
      "resolved": "https://registry.npmjs.org/react-is/-/react-is-16.13.1.tgz",
      "integrity": "sha512-24e6ynE2H+OKt4kqsOvNd8kBpV65zoxbA4BVsEOB3ARVWQki/DHzaUoC5KuON/BiccDaCCTZBuOcfZs70kR8bQ=="
    },
    "react-side-effect": {
      "version": "2.1.1",
      "resolved": "https://registry.npmjs.org/react-side-effect/-/react-side-effect-2.1.1.tgz",
      "integrity": "sha512-2FoTQzRNTncBVtnzxFOk2mCpcfxQpenBMbk5kSVBg5UcPqV9fRbgY2zhb7GTWWOlpFmAxhClBDlIq8Rsubz1yQ=="
    },
    "redux-thunk": {
      "version": "2.3.0",
      "resolved": "https://registry.npmjs.org/redux-thunk/-/redux-thunk-2.3.0.tgz",
      "integrity": "sha512-km6dclyFnmcvxhAcrQV2AkZmPQjzPDjgVlQtR0EQjxZPyJ0BnMf3in1ryuR8A2qU0HldVRfxYXbFSKlI3N7Slw=="
    },
    "tslib": {
      "version": "2.3.0",
      "resolved": "https://registry.npmjs.org/tslib/-/tslib-2.3.0.tgz",
      "integrity": "sha512-N82ooyxVNm6h1riLCoyS9e3fuJ3AMG2zIZs2Gd1ATcSFjSA23Q0fzjjZeh0jbJvWVDZ0cJT8yaNNaaXHzueNjg=="
    }
  }
}
